
Microsoft Visual Studio Solution File, Format Version 12.00
# Visual Studio Version 16
VisualStudioVersion = 16.0.810.11
MinimumVisualStudioVersion = 10.0.40219.1
Project("{FAE04EC0-301F-11D3-BF4B-00C04F79EFBC}") = "FizzBuzzTheFactory", "FizzBuzzTheFactory\FizzBuzzTheFactory.csproj", "{FBDDC052-87FF-4770-95EB-874B9A8EF5D2}"
EndProject
Project("{FAE04EC0-301F-11D3-BF4B-00C04F79EFBC}") = "FizzBuzzLibrary", "FizzBuzzLibrary\FizzBuzzLibrary.csproj", "{1D914A0E-52F0-4AFC-90CC-D4B5F5A59476}"
EndProject
Project("{FAE04EC0-301F-11D3-BF4B-00C04F79EFBC}") = "FizzBuzzLibrary.Tests", "FizzBuzzLibrary.Tests\FizzBuzzLibrary.Tests.csproj", "{6D5944B2-EC50-4FF2-A2A7-751395867827}"
EndProject
Global
	GlobalSection(SolutionConfigurationPlatforms) = preSolution
		Debug|Any CPU = Debug|Any CPU
		Release|Any CPU = Release|Any CPU
	EndGlobalSection
	GlobalSection(ProjectConfigurationPlatforms) = postSolution
		{FBDDC052-87FF-4770-95EB-874B9A8EF5D2}.Debug|Any CPU.ActiveCfg = Debug|Any CPU
		{FBDDC052-87FF-4770-95EB-874B9A8EF5D2}.Debug|Any CPU.Build.0 = Debug|Any CPU
		{FBDDC052-87FF-4770-95EB-874B9A8EF5D2}.Release|Any CPU.ActiveCfg = Release|Any CPU
		{FBDDC052-87FF-4770-95EB-874B9A8EF5D2}.Release|Any CPU.Build.0 = Release|Any CPU
		{1D914A0E-52F0-4AFC-90CC-D4B5F5A59476}.Debug|Any CPU.ActiveCfg = Debug|Any CPU
		{1D914A0E-52F0-4AFC-90CC-D4B5F5A59476}.Debug|Any CPU.Build.0 = Debug|Any CPU
		{1D914A0E-52F0-4AFC-90CC-D4B5F5A59476}.Release|Any CPU.ActiveCfg = Release|Any CPU
		{1D914A0E-52F0-4AFC-90CC-D4B5F5A59476}.Release|Any CPU.Build.0 = Release|Any CPU
		{6D5944B2-EC50-4FF2-A2A7-751395867827}.Debug|Any CPU.ActiveCfg = Debug|Any CPU
		{6D5944B2-EC50-4FF2-A2A7-751395867827}.Debug|Any CPU.Build.0 = Debug|Any CPU
		{6D5944B2-EC50-4FF2-A2A7-751395867827}.Release|Any CPU.ActiveCfg = Release|Any CPU
		{6D5944B2-EC50-4FF2-A2A7-751395867827}.Release|Any CPU.Build.0 = Release|Any CPU
	EndGlobalSection
	GlobalSection(SolutionProperties) = preSolution
		HideSolutionNode = FALSE
	EndGlobalSection
	GlobalSection(ExtensibilityGlobals) = postSolution
		SolutionGuid = {538E2265-8328-4B0D-BCAD-86A7F83F2936}
	EndGlobalSection
EndGlobal
