
Microsoft Visual Studio Solution File, Format Version 12.00
# Visual Studio Version 16
VisualStudioVersion = 16.0.810.11
MinimumVisualStudioVersion = 10.0.40219.1
Project("{FAE04EC0-301F-11D3-BF4B-00C04F79EFBC}") = "IDCsharp", "IDCsharp\IDCsharp.csproj", "{F267F89A-94D4-4774-A585-0D6070B204FF}"
EndProject
Global
	GlobalSection(SolutionConfigurationPlatforms) = preSolution
		Debug|Any CPU = Debug|Any CPU
		Release|Any CPU = Release|Any CPU
	EndGlobalSection
	GlobalSection(ProjectConfigurationPlatforms) = postSolution
		{F267F89A-94D4-4774-A585-0D6070B204FF}.Debug|Any CPU.ActiveCfg = Debug|Any CPU
		{F267F89A-94D4-4774-A585-0D6070B204FF}.Debug|Any CPU.Build.0 = Debug|Any CPU
		{F267F89A-94D4-4774-A585-0D6070B204FF}.Release|Any CPU.ActiveCfg = Release|Any CPU
		{F267F89A-94D4-4774-A585-0D6070B204FF}.Release|Any CPU.Build.0 = Release|Any CPU
	EndGlobalSection
	GlobalSection(SolutionProperties) = preSolution
		HideSolutionNode = FALSE
	EndGlobalSection
	GlobalSection(ExtensibilityGlobals) = postSolution
		SolutionGuid = {78E483D7-456A-47EB-A53E-DF5D0BA503AD}
	EndGlobalSection
EndGlobal
